
Microsoft Visual Studio Solution File, Format Version 12.00
# Visual Studio Version 16
VisualStudioVersion = 16.0.31313.79
MinimumVisualStudioVersion = 10.0.40219.1
Project("{FAE04EC0-301F-11D3-BF4B-00C04F79EFBC}") = "Game_Caro", "Game_Caro\Game_Caro.csproj", "{D6A79049-B39B-4269-B82A-A7FB32614C72}"
EndProject
Global
	GlobalSection(SolutionConfigurationPlatforms) = preSolution
		Debug|Any CPU = Debug|Any CPU
		Release|Any CPU = Release|Any CPU
	EndGlobalSection
	GlobalSection(ProjectConfigurationPlatforms) = postSolution
		{D6A79049-B39B-4269-B82A-A7FB32614C72}.Debug|Any CPU.ActiveCfg = Debug|Any CPU
		{D6A79049-B39B-4269-B82A-A7FB32614C72}.Debug|Any CPU.Build.0 = Debug|Any CPU
		{D6A79049-B39B-4269-B82A-A7FB32614C72}.Release|Any CPU.ActiveCfg = Release|Any CPU
		{D6A79049-B39B-4269-B82A-A7FB32614C72}.Release|Any CPU.Build.0 = Release|Any CPU
	EndGlobalSection
	GlobalSection(SolutionProperties) = preSolution
		HideSolutionNode = FALSE
	EndGlobalSection
	GlobalSection(ExtensibilityGlobals) = postSolution
		SolutionGuid = {10ECFAAE-0F70-43AB-BA19-7CAC4EB1F38A}
	EndGlobalSection
EndGlobal
